
Microsoft Visual Studio Solution File, Format Version 12.00
# Visual Studio 14
VisualStudioVersion = 14.0.23107.0
MinimumVisualStudioVersion = 10.0.40219.1
Project("{8BC9CEB8-8B4A-11D0-8D11-00A0C91BC942}") = "SugoiRender", "SugoiRender\SugoiRender.vcxproj", "{3E82103F-C25C-41F6-AD5A-75C71B37EB7C}"
EndProject
Project("{8BC9CEB8-8B4A-11D0-8D11-00A0C91BC942}") = "SugoiEngine", "SugoiEngine\SugoiEngine.vcxproj", "{8A3AC25B-1813-4547-A249-76F59D487575}"
EndProject
Project("{8BC9CEB8-8B4A-11D0-8D11-00A0C91BC942}") = "DataStructures", "DataStructures\DataStructures.vcxproj", "{83736059-9485-460F-9AA2-B218B28AD742}"
EndProject
Project("{8BC9CEB8-8B4A-11D0-8D11-00A0C91BC942}") = "SugoiMath", "SugoiMath\SugoiMath.vcxproj", "{800DE66A-99C4-483A-9C01-EA7FE9F282B6}"
EndProject
Global
	GlobalSection(SolutionConfigurationPlatforms) = preSolution
		Debug|Win32 = Debug|Win32
		Debug|x64 = Debug|x64
		Release|Win32 = Release|Win32
		Release|x64 = Release|x64
	EndGlobalSection
	GlobalSection(ProjectConfigurationPlatforms) = postSolution
		{3E82103F-C25C-41F6-AD5A-75C71B37EB7C}.Debug|Win32.ActiveCfg = Debug|Win32
		{3E82103F-C25C-41F6-AD5A-75C71B37EB7C}.Debug|Win32.Build.0 = Debug|Win32
		{3E82103F-C25C-41F6-AD5A-75C71B37EB7C}.Debug|x64.ActiveCfg = Debug|Win32
		{3E82103F-C25C-41F6-AD5A-75C71B37EB7C}.Release|Win32.ActiveCfg = Release|Win32
		{3E82103F-C25C-41F6-AD5A-75C71B37EB7C}.Release|Win32.Build.0 = Release|Win32
		{3E82103F-C25C-41F6-AD5A-75C71B37EB7C}.Release|x64.ActiveCfg = Release|Win32
		{8A3AC25B-1813-4547-A249-76F59D487575}.Debug|Win32.ActiveCfg = Debug|Win32
		{8A3AC25B-1813-4547-A249-76F59D487575}.Debug|Win32.Build.0 = Debug|Win32
		{8A3AC25B-1813-4547-A249-76F59D487575}.Debug|x64.ActiveCfg = Debug|x64
		{8A3AC25B-1813-4547-A249-76F59D487575}.Debug|x64.Build.0 = Debug|x64
		{8A3AC25B-1813-4547-A249-76F59D487575}.Release|Win32.ActiveCfg = Release|Win32
		{8A3AC25B-1813-4547-A249-76F59D487575}.Release|Win32.Build.0 = Release|Win32
		{8A3AC25B-1813-4547-A249-76F59D487575}.Release|x64.ActiveCfg = Release|x64
		{8A3AC25B-1813-4547-A249-76F59D487575}.Release|x64.Build.0 = Release|x64
		{83736059-9485-460F-9AA2-B218B28AD742}.Debug|Win32.ActiveCfg = Debug|Win32
		{83736059-9485-460F-9AA2-B218B28AD742}.Debug|Win32.Build.0 = Debug|Win32
		{83736059-9485-460F-9AA2-B218B28AD742}.Debug|x64.ActiveCfg = Debug|x64
		{83736059-9485-460F-9AA2-B218B28AD742}.Debug|x64.Build.0 = Debug|x64
		{83736059-9485-460F-9AA2-B218B28AD742}.Release|Win32.ActiveCfg = Release|Win32
		{83736059-9485-460F-9AA2-B218B28AD742}.Release|Win32.Build.0 = Release|Win32
		{83736059-9485-460F-9AA2-B218B28AD742}.Release|x64.ActiveCfg = Release|x64
		{83736059-9485-460F-9AA2-B218B28AD742}.Release|x64.Build.0 = Release|x64
		{800DE66A-99C4-483A-9C01-EA7FE9F282B6}.Debug|Win32.ActiveCfg = Debug|Win32
		{800DE66A-99C4-483A-9C01-EA7FE9F282B6}.Debug|Win32.Build.0 = Debug|Win32
		{800DE66A-99C4-483A-9C01-EA7FE9F282B6}.Debug|x64.ActiveCfg = Debug|x64
		{800DE66A-99C4-483A-9C01-EA7FE9F282B6}.Debug|x64.Build.0 = Debug|x64
		{800DE66A-99C4-483A-9C01-EA7FE9F282B6}.Release|Win32.ActiveCfg = Release|Win32
		{800DE66A-99C4-483A-9C01-EA7FE9F282B6}.Release|Win32.Build.0 = Release|Win32
		{800DE66A-99C4-483A-9C01-EA7FE9F282B6}.Release|x64.ActiveCfg = Release|x64
		{800DE66A-99C4-483A-9C01-EA7FE9F282B6}.Release|x64.Build.0 = Release|x64
	EndGlobalSection
	GlobalSection(SolutionProperties) = preSolution
		HideSolutionNode = FALSE
	EndGlobalSection
EndGlobal
